
Microsoft Visual Studio Solution File, Format Version 12.00
# Visual Studio Version 17
VisualStudioVersion = 17.9.34723.18
MinimumVisualStudioVersion = 10.0.40219.1
Project("{9A19103F-16F7-4668-BE54-9A1E7A4F7556}") = "CMS.Domain", "CMS.Domain\CMS.Domain.csproj", "{24D6C2EF-77AF-425E-A00F-0600DBBC030B}"
EndProject
Project("{2150E333-8FDC-42A3-9474-1A3956D46DE8}") = "src", "src", "{4D60EF96-335C-4FEF-96C7-22511E81AC48}"
EndProject
Project("{9A19103F-16F7-4668-BE54-9A1E7A4F7556}") = "CMS.Contract", "CMS.Contract\CMS.Contract.csproj", "{CF1BA712-340F-4855-8109-90A80285F51F}"
EndProject
Project("{9A19103F-16F7-4668-BE54-9A1E7A4F7556}") = "CMS.Application", "CMS.Application\CMS.Application.csproj", "{B146294C-6729-4270-9B87-34115877BC1F}"
EndProject
Project("{9A19103F-16F7-4668-BE54-9A1E7A4F7556}") = "CMS.Api", "CMS.Api\CMS.Api.csproj", "{35EBD5B1-3251-40C2-AE6E-59363D10FFDC}"
EndProject
Project("{9A19103F-16F7-4668-BE54-9A1E7A4F7556}") = "CMS.Infrastructure", "CMS.Infrastructure\CMS.Infrastructure.csproj", "{605F7E2F-17CF-49AC-81B9-17F46194A453}"
EndProject
Project("{2150E333-8FDC-42A3-9474-1A3956D46DE8}") = "test", "test", "{A77F3C76-E62C-40C1-B7D3-F07657E4411D}"
EndProject
Project("{FAE04EC0-301F-11D3-BF4B-00C04F79EFBC}") = "CMS.UnitTest", "CMS.UnitTest\CMS.UnitTest.csproj", "{D741DD38-6973-40B8-96B6-BEEBBE2F227C}"
EndProject
Global
	GlobalSection(SolutionConfigurationPlatforms) = preSolution
		Debug|Any CPU = Debug|Any CPU
		Release|Any CPU = Release|Any CPU
	EndGlobalSection
	GlobalSection(ProjectConfigurationPlatforms) = postSolution
		{24D6C2EF-77AF-425E-A00F-0600DBBC030B}.Debug|Any CPU.ActiveCfg = Debug|Any CPU
		{24D6C2EF-77AF-425E-A00F-0600DBBC030B}.Debug|Any CPU.Build.0 = Debug|Any CPU
		{24D6C2EF-77AF-425E-A00F-0600DBBC030B}.Release|Any CPU.ActiveCfg = Release|Any CPU
		{24D6C2EF-77AF-425E-A00F-0600DBBC030B}.Release|Any CPU.Build.0 = Release|Any CPU
		{CF1BA712-340F-4855-8109-90A80285F51F}.Debug|Any CPU.ActiveCfg = Debug|Any CPU
		{CF1BA712-340F-4855-8109-90A80285F51F}.Debug|Any CPU.Build.0 = Debug|Any CPU
		{CF1BA712-340F-4855-8109-90A80285F51F}.Release|Any CPU.ActiveCfg = Release|Any CPU
		{CF1BA712-340F-4855-8109-90A80285F51F}.Release|Any CPU.Build.0 = Release|Any CPU
		{B146294C-6729-4270-9B87-34115877BC1F}.Debug|Any CPU.ActiveCfg = Debug|Any CPU
		{B146294C-6729-4270-9B87-34115877BC1F}.Debug|Any CPU.Build.0 = Debug|Any CPU
		{B146294C-6729-4270-9B87-34115877BC1F}.Release|Any CPU.ActiveCfg = Release|Any CPU
		{B146294C-6729-4270-9B87-34115877BC1F}.Release|Any CPU.Build.0 = Release|Any CPU
		{35EBD5B1-3251-40C2-AE6E-59363D10FFDC}.Debug|Any CPU.ActiveCfg = Debug|Any CPU
		{35EBD5B1-3251-40C2-AE6E-59363D10FFDC}.Debug|Any CPU.Build.0 = Debug|Any CPU
		{35EBD5B1-3251-40C2-AE6E-59363D10FFDC}.Release|Any CPU.ActiveCfg = Release|Any CPU
		{35EBD5B1-3251-40C2-AE6E-59363D10FFDC}.Release|Any CPU.Build.0 = Release|Any CPU
		{605F7E2F-17CF-49AC-81B9-17F46194A453}.Debug|Any CPU.ActiveCfg = Debug|Any CPU
		{605F7E2F-17CF-49AC-81B9-17F46194A453}.Debug|Any CPU.Build.0 = Debug|Any CPU
		{605F7E2F-17CF-49AC-81B9-17F46194A453}.Release|Any CPU.ActiveCfg = Release|Any CPU
		{605F7E2F-17CF-49AC-81B9-17F46194A453}.Release|Any CPU.Build.0 = Release|Any CPU
		{D741DD38-6973-40B8-96B6-BEEBBE2F227C}.Debug|Any CPU.ActiveCfg = Debug|Any CPU
		{D741DD38-6973-40B8-96B6-BEEBBE2F227C}.Debug|Any CPU.Build.0 = Debug|Any CPU
		{D741DD38-6973-40B8-96B6-BEEBBE2F227C}.Release|Any CPU.ActiveCfg = Release|Any CPU
		{D741DD38-6973-40B8-96B6-BEEBBE2F227C}.Release|Any CPU.Build.0 = Release|Any CPU
	EndGlobalSection
	GlobalSection(SolutionProperties) = preSolution
		HideSolutionNode = FALSE
	EndGlobalSection
	GlobalSection(NestedProjects) = preSolution
		{24D6C2EF-77AF-425E-A00F-0600DBBC030B} = {4D60EF96-335C-4FEF-96C7-22511E81AC48}
		{CF1BA712-340F-4855-8109-90A80285F51F} = {4D60EF96-335C-4FEF-96C7-22511E81AC48}
		{B146294C-6729-4270-9B87-34115877BC1F} = {4D60EF96-335C-4FEF-96C7-22511E81AC48}
		{35EBD5B1-3251-40C2-AE6E-59363D10FFDC} = {4D60EF96-335C-4FEF-96C7-22511E81AC48}
		{605F7E2F-17CF-49AC-81B9-17F46194A453} = {4D60EF96-335C-4FEF-96C7-22511E81AC48}
		{D741DD38-6973-40B8-96B6-BEEBBE2F227C} = {A77F3C76-E62C-40C1-B7D3-F07657E4411D}
	EndGlobalSection
	GlobalSection(ExtensibilityGlobals) = postSolution
		SolutionGuid = {5E6C7A89-BA34-4E55-8B6C-2BE945CAD275}
	EndGlobalSection
EndGlobal
